// !$*UTF8*$!
{
	archiveVersion = 1;
	classes = {
	};
	objectVersion = 50;
	objects = {

/* Begin PBXBuildFile section */
		5C0F6FDC2644532500F6C0FA /* RaceViewController.swift in Sources */ = {isa = PBXBuildFile; fileRef = 5C0F6FDB2644532500F6C0FA /* RaceViewController.swift */; };
		5C0F6FDF2644533500F6C0FA /* RaceViewController.storyboard in Resources */ = {isa = PBXBuildFile; fileRef = 5C0F6FDE2644533500F6C0FA /* RaceViewController.storyboard */; };
		5C0F7C95262B4E3D0048A434 /* TitilliumWeb-Bold.ttf in Resources */ = {isa = PBXBuildFile; fileRef = 5C0F7C94262B4E3D0048A434 /* TitilliumWeb-Bold.ttf */; };
		5C0F7C98262B4E490048A434 /* TitilliumWeb-Regular.ttf in Resources */ = {isa = PBXBuildFile; fileRef = 5C0F7C97262B4E490048A434 /* TitilliumWeb-Regular.ttf */; };
		5C75FBB1262088B7004BE186 /* AppDelegate.swift in Sources */ = {isa = PBXBuildFile; fileRef = 5C75FBB0262088B7004BE186 /* AppDelegate.swift */; };
		5C75FBB3262088B7004BE186 /* SceneDelegate.swift in Sources */ = {isa = PBXBuildFile; fileRef = 5C75FBB2262088B7004BE186 /* SceneDelegate.swift */; };
		5C75FBB8262088B7004BE186 /* Main.storyboard in Resources */ = {isa = PBXBuildFile; fileRef = 5C75FBB6262088B7004BE186 /* Main.storyboard */; };
		5C75FBBA262088B9004BE186 /* Assets.xcassets in Resources */ = {isa = PBXBuildFile; fileRef = 5C75FBB9262088B9004BE186 /* Assets.xcassets */; };
		5C75FBBD262088B9004BE186 /* LaunchScreen.storyboard in Resources */ = {isa = PBXBuildFile; fileRef = 5C75FBBB262088B9004BE186 /* LaunchScreen.storyboard */; };
		5C75FBC726208915004BE186 /* WelcomeViewController.swift in Sources */ = {isa = PBXBuildFile; fileRef = 5C75FBC626208915004BE186 /* WelcomeViewController.swift */; };
		5CA721E02622EBA700D24565 /* UIViewController+StoryBoardInit.swift in Sources */ = {isa = PBXBuildFile; fileRef = 5CA721DF2622EBA700D24565 /* UIViewController+StoryBoardInit.swift */; };
		5CA721E32622EC7700D24565 /* UIColor+Hex.swift in Sources */ = {isa = PBXBuildFile; fileRef = 5CA721E22622EC7700D24565 /* UIColor+Hex.swift */; };
		5CA721E62622ED2900D24565 /* UIButton+UIUtilites.swift in Sources */ = {isa = PBXBuildFile; fileRef = 5CA721E52622ED2900D24565 /* UIButton+UIUtilites.swift */; };
		5CA721E92622EDBA00D24565 /* UILabel+UIUtilites.swift in Sources */ = {isa = PBXBuildFile; fileRef = 5CA721E82622EDBA00D24565 /* UILabel+UIUtilites.swift */; };
		5CA721EC2622EE0F00D24565 /* UIImageView+UIUtilites.swift in Sources */ = {isa = PBXBuildFile; fileRef = 5CA721EB2622EE0F00D24565 /* UIImageView+UIUtilites.swift */; };
		5CA721EF2622EE6D00D24565 /* UIView+UIUtilites.swift in Sources */ = {isa = PBXBuildFile; fileRef = 5CA721EE2622EE6D00D24565 /* UIView+UIUtilites.swift */; };
		5CD15753262C5B3D00239854 /* UIViewController+UIAlertController.swift in Sources */ = {isa = PBXBuildFile; fileRef = 5CD15752262C5B3D00239854 /* UIViewController+UIAlertController.swift */; };
/* End PBXBuildFile section */

/* Begin PBXFileReference section */
		5C0F6FDB2644532500F6C0FA /* RaceViewController.swift */ = {isa = PBXFileReference; lastKnownFileType = sourcecode.swift; path = RaceViewController.swift; sourceTree = "<group>"; };
		5C0F6FDE2644533500F6C0FA /* RaceViewController.storyboard */ = {isa = PBXFileReference; lastKnownFileType = file.storyboard; path = RaceViewController.storyboard; sourceTree = "<group>"; };
		5C0F7C94262B4E3D0048A434 /* TitilliumWeb-Bold.ttf */ = {isa = PBXFileReference; lastKnownFileType = file; path = "TitilliumWeb-Bold.ttf"; sourceTree = "<group>"; };
		5C0F7C97262B4E490048A434 /* TitilliumWeb-Regular.ttf */ = {isa = PBXFileReference; lastKnownFileType = file; path = "TitilliumWeb-Regular.ttf"; sourceTree = "<group>"; };
		5C75FBAD262088B7004BE186 /* Main Road.app */ = {isa = PBXFileReference; explicitFileType = wrapper.application; includeInIndex = 0; path = "Main Road.app"; sourceTree = BUILT_PRODUCTS_DIR; };
		5C75FBB0262088B7004BE186 /* AppDelegate.swift */ = {isa = PBXFileReference; lastKnownFileType = sourcecode.swift; path = AppDelegate.swift; sourceTree = "<group>"; };
		5C75FBB2262088B7004BE186 /* SceneDelegate.swift */ = {isa = PBXFileReference; lastKnownFileType = sourcecode.swift; path = SceneDelegate.swift; sourceTree = "<group>"; };
		5C75FBB7262088B7004BE186 /* Base */ = {isa = PBXFileReference; lastKnownFileType = file.storyboard; name = Base; path = Base.lproj/Main.storyboard; sourceTree = "<group>"; };
		5C75FBB9262088B9004BE186 /* Assets.xcassets */ = {isa = PBXFileReference; lastKnownFileType = folder.assetcatalog; path = Assets.xcassets; sourceTree = "<group>"; };
		5C75FBBC262088B9004BE186 /* Base */ = {isa = PBXFileReference; lastKnownFileType = file.storyboard; name = Base; path = Base.lproj/LaunchScreen.storyboard; sourceTree = "<group>"; };
		5C75FBBE262088B9004BE186 /* Info.plist */ = {isa = PBXFileReference; lastKnownFileType = text.plist.xml; path = Info.plist; sourceTree = "<group>"; };
		5C75FBC626208915004BE186 /* WelcomeViewController.swift */ = {isa = PBXFileReference; lastKnownFileType = sourcecode.swift; path = WelcomeViewController.swift; sourceTree = "<group>"; };
		5CA721DF2622EBA700D24565 /* UIViewController+StoryBoardInit.swift */ = {isa = PBXFileReference; lastKnownFileType = sourcecode.swift; path = "UIViewController+StoryBoardInit.swift"; sourceTree = "<group>"; };
		5CA721E22622EC7700D24565 /* UIColor+Hex.swift */ = {isa = PBXFileReference; lastKnownFileType = sourcecode.swift; path = "UIColor+Hex.swift"; sourceTree = "<group>"; };
		5CA721E52622ED2900D24565 /* UIButton+UIUtilites.swift */ = {isa = PBXFileReference; lastKnownFileType = sourcecode.swift; path = "UIButton+UIUtilites.swift"; sourceTree = "<group>"; };
		5CA721E82622EDBA00D24565 /* UILabel+UIUtilites.swift */ = {isa = PBXFileReference; lastKnownFileType = sourcecode.swift; path = "UILabel+UIUtilites.swift"; sourceTree = "<group>"; };
		5CA721EB2622EE0F00D24565 /* UIImageView+UIUtilites.swift */ = {isa = PBXFileReference; lastKnownFileType = sourcecode.swift; path = "UIImageView+UIUtilites.swift"; sourceTree = "<group>"; };
		5CA721EE2622EE6D00D24565 /* UIView+UIUtilites.swift */ = {isa = PBXFileReference; lastKnownFileType = sourcecode.swift; path = "UIView+UIUtilites.swift"; sourceTree = "<group>"; };
		5CD15752262C5B3D00239854 /* UIViewController+UIAlertController.swift */ = {isa = PBXFileReference; lastKnownFileType = sourcecode.swift; path = "UIViewController+UIAlertController.swift"; sourceTree = "<group>"; };
/* End PBXFileReference section */

/* Begin PBXFrameworksBuildPhase section */
		5C75FBAA262088B7004BE186 /* Frameworks */ = {
			isa = PBXFrameworksBuildPhase;
			buildActionMask = 2147483647;
			files = (
			);
			runOnlyForDeploymentPostprocessing = 0;
		};
/* End PBXFrameworksBuildPhase section */

/* Begin PBXGroup section */
		5C0F6FE2264469FC00F6C0FA /* ViewControllers */ = {
			isa = PBXGroup;
			children = (
				5C0F6FE426446A5500F6C0FA /* Welcome Screen */,
				5C0F6FE626446A8400F6C0FA /* Race Screen */,
			);
			path = ViewControllers;
			sourceTree = "<group>";
		};
		5C0F6FE426446A5500F6C0FA /* Welcome Screen */ = {
			isa = PBXGroup;
			children = (
				5C75FBC626208915004BE186 /* WelcomeViewController.swift */,
				5C75FBB6262088B7004BE186 /* Main.storyboard */,
			);
			path = "Welcome Screen";
			sourceTree = "<group>";
		};
		5C0F6FE626446A8400F6C0FA /* Race Screen */ = {
			isa = PBXGroup;
			children = (
				5C0F6FDB2644532500F6C0FA /* RaceViewController.swift */,
				5C0F6FDE2644533500F6C0FA /* RaceViewController.storyboard */,
			);
			path = "Race Screen";
			sourceTree = "<group>";
		};
		5C0F7C93262B4E0A0048A434 /* Resources */ = {
			isa = PBXGroup;
			children = (
				5C0F7C94262B4E3D0048A434 /* TitilliumWeb-Bold.ttf */,
				5C0F7C97262B4E490048A434 /* TitilliumWeb-Regular.ttf */,
			);
			path = Resources;
			sourceTree = "<group>";
		};
		5C75FBA4262088B7004BE186 = {
			isa = PBXGroup;
			children = (
				5C75FBAF262088B7004BE186 /* Main Road */,
				5C75FBAE262088B7004BE186 /* Products */,
			);
			sourceTree = "<group>";
		};
		5C75FBAE262088B7004BE186 /* Products */ = {
			isa = PBXGroup;
			children = (
				5C75FBAD262088B7004BE186 /* Main Road.app */,
			);
			name = Products;
			sourceTree = "<group>";
		};
		5C75FBAF262088B7004BE186 /* Main Road */ = {
			isa = PBXGroup;
			children = (
				5C0F7C93262B4E0A0048A434 /* Resources */,
				5C0F6FE2264469FC00F6C0FA /* ViewControllers */,
				5C75FBB0262088B7004BE186 /* AppDelegate.swift */,
				5C75FBB2262088B7004BE186 /* SceneDelegate.swift */,
				5C75FBB9262088B9004BE186 /* Assets.xcassets */,
				5C75FBBB262088B9004BE186 /* LaunchScreen.storyboard */,
				5C75FBBE262088B9004BE186 /* Info.plist */,
				5CA721DF2622EBA700D24565 /* UIViewController+StoryBoardInit.swift */,
				5CA721E22622EC7700D24565 /* UIColor+Hex.swift */,
				5CA721E52622ED2900D24565 /* UIButton+UIUtilites.swift */,
				5CA721E82622EDBA00D24565 /* UILabel+UIUtilites.swift */,
				5CA721EB2622EE0F00D24565 /* UIImageView+UIUtilites.swift */,
				5CA721EE2622EE6D00D24565 /* UIView+UIUtilites.swift */,
				5CD15752262C5B3D00239854 /* UIViewController+UIAlertController.swift */,
			);
			path = "Main Road";
			sourceTree = "<group>";
		};
/* End PBXGroup section */

/* Begin PBXNativeTarget section */
		5C75FBAC262088B7004BE186 /* Main Road */ = {
			isa = PBXNativeTarget;
			buildConfigurationList = 5C75FBC1262088B9004BE186 /* Build configuration list for PBXNativeTarget "Main Road" */;
			buildPhases = (
				5C75FBA9262088B7004BE186 /* Sources */,
				5C75FBAA262088B7004BE186 /* Frameworks */,
				5C75FBAB262088B7004BE186 /* Resources */,
				5C75FBC5262088E8004BE186 /* SwiftLint */,
			);
			buildRules = (
			);
			dependencies = (
			);
			name = "Main Road";
			productName = "Main Road";
			productReference = 5C75FBAD262088B7004BE186 /* Main Road.app */;
			productType = "com.apple.product-type.application";
		};
/* End PBXNativeTarget section */

/* Begin PBXProject section */
		5C75FBA5262088B7004BE186 /* Project object */ = {
			isa = PBXProject;
			attributes = {
				LastSwiftUpdateCheck = 1240;
				LastUpgradeCheck = 1240;
				TargetAttributes = {
					5C75FBAC262088B7004BE186 = {
						CreatedOnToolsVersion = 12.4;
					};
				};
			};
			buildConfigurationList = 5C75FBA8262088B7004BE186 /* Build configuration list for PBXProject "Main Road" */;
			compatibilityVersion = "Xcode 9.3";
			developmentRegion = en;
			hasScannedForEncodings = 0;
			knownRegions = (
				en,
				Base,
			);
			mainGroup = 5C75FBA4262088B7004BE186;
			productRefGroup = 5C75FBAE262088B7004BE186 /* Products */;
			projectDirPath = "";
			projectRoot = "";
			targets = (
				5C75FBAC262088B7004BE186 /* Main Road */,
			);
		};
/* End PBXProject section */

/* Begin PBXResourcesBuildPhase section */
		5C75FBAB262088B7004BE186 /* Resources */ = {
			isa = PBXResourcesBuildPhase;
			buildActionMask = 2147483647;
			files = (
				5C0F7C98262B4E490048A434 /* TitilliumWeb-Regular.ttf in Resources */,
				5C75FBBD262088B9004BE186 /* LaunchScreen.storyboard in Resources */,
				5C75FBBA262088B9004BE186 /* Assets.xcassets in Resources */,
				5C0F7C95262B4E3D0048A434 /* TitilliumWeb-Bold.ttf in Resources */,
				5C0F6FDF2644533500F6C0FA /* RaceViewController.storyboard in Resources */,
				5C75FBB8262088B7004BE186 /* Main.storyboard in Resources */,
			);
			runOnlyForDeploymentPostprocessing = 0;
		};
/* End PBXResourcesBuildPhase section */

/* Begin PBXShellScriptBuildPhase section */
		5C75FBC5262088E8004BE186 /* SwiftLint */ = {
			isa = PBXShellScriptBuildPhase;
			buildActionMask = 2147483647;
			files = (
			);
			inputFileListPaths = (
			);
			inputPaths = (
			);
			name = SwiftLint;
			outputFileListPaths = (
			);
			outputPaths = (
			);
			runOnlyForDeploymentPostprocessing = 0;
			shellPath = /bin/sh;
			shellScript = "if which swiftlint >/dev/null; then\n  swiftlint\nelse\n  echo \"warning: SwiftLint not installed, download from https://github.com/realm/SwiftLint\"\nfi\n";
		};
/* End PBXShellScriptBuildPhase section */

/* Begin PBXSourcesBuildPhase section */
		5C75FBA9262088B7004BE186 /* Sources */ = {
			isa = PBXSourcesBuildPhase;
			buildActionMask = 2147483647;
			files = (
				5CA721E62622ED2900D24565 /* UIButton+UIUtilites.swift in Sources */,
				5C75FBC726208915004BE186 /* WelcomeViewController.swift in Sources */,
				5CA721EF2622EE6D00D24565 /* UIView+UIUtilites.swift in Sources */,
				5CA721EC2622EE0F00D24565 /* UIImageView+UIUtilites.swift in Sources */,
				5C0F6FDC2644532500F6C0FA /* RaceViewController.swift in Sources */,
				5CA721E02622EBA700D24565 /* UIViewController+StoryBoardInit.swift in Sources */,
				5CA721E32622EC7700D24565 /* UIColor+Hex.swift in Sources */,
				5CA721E92622EDBA00D24565 /* UILabel+UIUtilites.swift in Sources */,
				5C75FBB1262088B7004BE186 /* AppDelegate.swift in Sources */,
				5CD15753262C5B3D00239854 /* UIViewController+UIAlertController.swift in Sources */,
				5C75FBB3262088B7004BE186 /* SceneDelegate.swift in Sources */,
			);
			runOnlyForDeploymentPostprocessing = 0;
		};
/* End PBXSourcesBuildPhase section */

/* Begin PBXVariantGroup section */
		5C75FBB6262088B7004BE186 /* Main.storyboard */ = {
			isa = PBXVariantGroup;
			children = (
				5C75FBB7262088B7004BE186 /* Base */,
			);
			name = Main.storyboard;
			sourceTree = "<group>";
		};
		5C75FBBB262088B9004BE186 /* LaunchScreen.storyboard */ = {
			isa = PBXVariantGroup;
			children = (
				5C75FBBC262088B9004BE186 /* Base */,
			);
			name = LaunchScreen.storyboard;
			sourceTree = "<group>";
		};
/* End PBXVariantGroup section */

/* Begin XCBuildConfiguration section */
		5C75FBBF262088B9004BE186 /* Debug */ = {
			isa = XCBuildConfiguration;
			buildSettings = {
				ALWAYS_SEARCH_USER_PATHS = NO;
				CLANG_ANALYZER_NONNULL = YES;
				CLANG_ANALYZER_NUMBER_OBJECT_CONVERSION = YES_AGGRESSIVE;
				CLANG_CXX_LANGUAGE_STANDARD = "gnu++14";
				CLANG_CXX_LIBRARY = "libc++";
				CLANG_ENABLE_MODULES = YES;
				CLANG_ENABLE_OBJC_ARC = YES;
				CLANG_ENABLE_OBJC_WEAK = YES;
				CLANG_WARN_BLOCK_CAPTURE_AUTORELEASING = YES;
				CLANG_WARN_BOOL_CONVERSION = YES;
				CLANG_WARN_COMMA = YES;
				CLANG_WARN_CONSTANT_CONVERSION = YES;
				CLANG_WARN_DEPRECATED_OBJC_IMPLEMENTATIONS = YES;
				CLANG_WARN_DIRECT_OBJC_ISA_USAGE = YES_ERROR;
				CLANG_WARN_DOCUMENTATION_COMMENTS = YES;
				CLANG_WARN_EMPTY_BODY = YES;
				CLANG_WARN_ENUM_CONVERSION = YES;
				CLANG_WARN_INFINITE_RECURSION = YES;
				CLANG_WARN_INT_CONVERSION = YES;
				CLANG_WARN_NON_LITERAL_NULL_CONVERSION = YES;
				CLANG_WARN_OBJC_IMPLICIT_RETAIN_SELF = YES;
				CLANG_WARN_OBJC_LITERAL_CONVERSION = YES;
				CLANG_WARN_OBJC_ROOT_CLASS = YES_ERROR;
				CLANG_WARN_QUOTED_INCLUDE_IN_FRAMEWORK_HEADER = YES;
				CLANG_WARN_RANGE_LOOP_ANALYSIS = YES;
				CLANG_WARN_STRICT_PROTOTYPES = YES;
				CLANG_WARN_SUSPICIOUS_MOVE = YES;
				CLANG_WARN_UNGUARDED_AVAILABILITY = YES_AGGRESSIVE;
				CLANG_WARN_UNREACHABLE_CODE = YES;
				CLANG_WARN__DUPLICATE_METHOD_MATCH = YES;
				COPY_PHASE_STRIP = NO;
				DEBUG_INFORMATION_FORMAT = dwarf;
				ENABLE_STRICT_OBJC_MSGSEND = YES;
				ENABLE_TESTABILITY = YES;
				GCC_C_LANGUAGE_STANDARD = gnu11;
				GCC_DYNAMIC_NO_PIC = NO;
				GCC_NO_COMMON_BLOCKS = YES;
				GCC_OPTIMIZATION_LEVEL = 0;
				GCC_PREPROCESSOR_DEFINITIONS = (
					"DEBUG=1",
					"$(inherited)",
				);
				GCC_WARN_64_TO_32_BIT_CONVERSION = YES;
				GCC_WARN_ABOUT_RETURN_TYPE = YES_ERROR;
				GCC_WARN_UNDECLARED_SELECTOR = YES;
				GCC_WARN_UNINITIALIZED_AUTOS = YES_AGGRESSIVE;
				GCC_WARN_UNUSED_FUNCTION = YES;
				GCC_WARN_UNUSED_VARIABLE = YES;
				IPHONEOS_DEPLOYMENT_TARGET = 14.4;
				MTL_ENABLE_DEBUG_INFO = INCLUDE_SOURCE;
				MTL_FAST_MATH = YES;
				ONLY_ACTIVE_ARCH = YES;
				SDKROOT = iphoneos;
				SWIFT_ACTIVE_COMPILATION_CONDITIONS = DEBUG;
				SWIFT_OPTIMIZATION_LEVEL = "-Onone";
			};
			name = Debug;
		};
		5C75FBC0262088B9004BE186 /* Release */ = {
			isa = XCBuildConfiguration;
			buildSettings = {
				ALWAYS_SEARCH_USER_PATHS = NO;
				CLANG_ANALYZER_NONNULL = YES;
				CLANG_ANALYZER_NUMBER_OBJECT_CONVERSION = YES_AGGRESSIVE;
				CLANG_CXX_LANGUAGE_STANDARD = "gnu++14";
				CLANG_CXX_LIBRARY = "libc++";
				CLANG_ENABLE_MODULES = YES;
				CLANG_ENABLE_OBJC_ARC = YES;
				CLANG_ENABLE_OBJC_WEAK = YES;
				CLANG_WARN_BLOCK_CAPTURE_AUTORELEASING = YES;
				CLANG_WARN_BOOL_CONVERSION = YES;
				CLANG_WARN_COMMA = YES;
				CLANG_WARN_CONSTANT_CONVERSION = YES;
				CLANG_WARN_DEPRECATED_OBJC_IMPLEMENTATIONS = YES;
				CLANG_WARN_DIRECT_OBJC_ISA_USAGE = YES_ERROR;
				CLANG_WARN_DOCUMENTATION_COMMENTS = YES;
				CLANG_WARN_EMPTY_BODY = YES;
				CLANG_WARN_ENUM_CONVERSION = YES;
				CLANG_WARN_INFINITE_RECURSION = YES;
				CLANG_WARN_INT_CONVERSION = YES;
				CLANG_WARN_NON_LITERAL_NULL_CONVERSION = YES;
				CLANG_WARN_OBJC_IMPLICIT_RETAIN_SELF = YES;
				CLANG_WARN_OBJC_LITERAL_CONVERSION = YES;
				CLANG_WARN_OBJC_ROOT_CLASS = YES_ERROR;
				CLANG_WARN_QUOTED_INCLUDE_IN_FRAMEWORK_HEADER = YES;
				CLANG_WARN_RANGE_LOOP_ANALYSIS = YES;
				CLANG_WARN_STRICT_PROTOTYPES = YES;
				CLANG_WARN_SUSPICIOUS_MOVE = YES;
				CLANG_WARN_UNGUARDED_AVAILABILITY = YES_AGGRESSIVE;
				CLANG_WARN_UNREACHABLE_CODE = YES;
				CLANG_WARN__DUPLICATE_METHOD_MATCH = YES;
				COPY_PHASE_STRIP = NO;
				DEBUG_INFORMATION_FORMAT = "dwarf-with-dsym";
				ENABLE_NS_ASSERTIONS = NO;
				ENABLE_STRICT_OBJC_MSGSEND = YES;
				GCC_C_LANGUAGE_STANDARD = gnu11;
				GCC_NO_COMMON_BLOCKS = YES;
				GCC_WARN_64_TO_32_BIT_CONVERSION = YES;
				GCC_WARN_ABOUT_RETURN_TYPE = YES_ERROR;
				GCC_WARN_UNDECLARED_SELECTOR = YES;
				GCC_WARN_UNINITIALIZED_AUTOS = YES_AGGRESSIVE;
				GCC_WARN_UNUSED_FUNCTION = YES;
				GCC_WARN_UNUSED_VARIABLE = YES;
				IPHONEOS_DEPLOYMENT_TARGET = 14.4;
				MTL_ENABLE_DEBUG_INFO = NO;
				MTL_FAST_MATH = YES;
				SDKROOT = iphoneos;
				SWIFT_COMPILATION_MODE = wholemodule;
				SWIFT_OPTIMIZATION_LEVEL = "-O";
				VALIDATE_PRODUCT = YES;
			};
			name = Release;
		};
		5C75FBC2262088B9004BE186 /* Debug */ = {
			isa = XCBuildConfiguration;
			buildSettings = {
				ASSETCATALOG_COMPILER_APPICON_NAME = AppIcon;
				ASSETCATALOG_COMPILER_GLOBAL_ACCENT_COLOR_NAME = AccentColor;
				CODE_SIGN_STYLE = Automatic;
				DEVELOPMENT_TEAM = 6UV36R5ZZ7;
				INFOPLIST_FILE = "Main Road/Info.plist";
				LD_RUNPATH_SEARCH_PATHS = (
					"$(inherited)",
					"@executable_path/Frameworks",
				);
				PRODUCT_BUNDLE_IDENTIFIER = "KonstantinD.Main-Road";
				PRODUCT_NAME = "$(TARGET_NAME)";
				SWIFT_VERSION = 5.0;
				TARGETED_DEVICE_FAMILY = "1,2";
			};
			name = Debug;
		};
		5C75FBC3262088B9004BE186 /* Release */ = {
			isa = XCBuildConfiguration;
			buildSettings = {
				ASSETCATALOG_COMPILER_APPICON_NAME = AppIcon;
				ASSETCATALOG_COMPILER_GLOBAL_ACCENT_COLOR_NAME = AccentColor;
				CODE_SIGN_STYLE = Automatic;
				DEVELOPMENT_TEAM = 6UV36R5ZZ7;
				INFOPLIST_FILE = "Main Road/Info.plist";
				LD_RUNPATH_SEARCH_PATHS = (
					"$(inherited)",
					"@executable_path/Frameworks",
				);
				PRODUCT_BUNDLE_IDENTIFIER = "KonstantinD.Main-Road";
				PRODUCT_NAME = "$(TARGET_NAME)";
				SWIFT_VERSION = 5.0;
				TARGETED_DEVICE_FAMILY = "1,2";
			};
			name = Release;
		};
/* End XCBuildConfiguration section */

/* Begin XCConfigurationList section */
		5C75FBA8262088B7004BE186 /* Build configuration list for PBXProject "Main Road" */ = {
			isa = XCConfigurationList;
			buildConfigurations = (
				5C75FBBF262088B9004BE186 /* Debug */,
				5C75FBC0262088B9004BE186 /* Release */,
			);
			defaultConfigurationIsVisible = 0;
			defaultConfigurationName = Release;
		};
		5C75FBC1262088B9004BE186 /* Build configuration list for PBXNativeTarget "Main Road" */ = {
			isa = XCConfigurationList;
			buildConfigurations = (
				5C75FBC2262088B9004BE186 /* Debug */,
				5C75FBC3262088B9004BE186 /* Release */,
			);
			defaultConfigurationIsVisible = 0;
			defaultConfigurationName = Release;
		};
/* End XCConfigurationList section */
	};
	rootObject = 5C75FBA5262088B7004BE186 /* Project object */;
}
